
Microsoft Visual Studio Solution File, Format Version 12.00
# Visual Studio Version 16
VisualStudioVersion = 16.0.31624.102
MinimumVisualStudioVersion = 10.0.40219.1
Project("{D2ABAB84-BF74-430A-B69E-9DC6D40DDA17}") = "CourseAnalysisServices", "CourseAnalysisServices\CourseAnalysisServices.dwproj", "{DB87F7FA-3223-4DE5-A4BE-BA916B9396E9}"
EndProject
Global
	GlobalSection(SolutionConfigurationPlatforms) = preSolution
		Development|Default = Development|Default
	EndGlobalSection
	GlobalSection(ProjectConfigurationPlatforms) = postSolution
		{DB87F7FA-3223-4DE5-A4BE-BA916B9396E9}.Development|Default.ActiveCfg = Development
		{DB87F7FA-3223-4DE5-A4BE-BA916B9396E9}.Development|Default.Build.0 = Development
		{DB87F7FA-3223-4DE5-A4BE-BA916B9396E9}.Development|Default.Deploy.0 = Development
	EndGlobalSection
	GlobalSection(SolutionProperties) = preSolution
		HideSolutionNode = FALSE
	EndGlobalSection
	GlobalSection(ExtensibilityGlobals) = postSolution
		SolutionGuid = {17359566-4E43-4F08-9732-C54A4353268F}
	EndGlobalSection
EndGlobal
